
Microsoft Visual Studio Solution File, Format Version 12.00
# Visual Studio Version 17
VisualStudioVersion = 17.4.33213.308
MinimumVisualStudioVersion = 10.0.40219.1
Project("{FAE04EC0-301F-11D3-BF4B-00C04F79EFBC}") = "ConsoleApp15", "ConsoleApp15.csproj", "{6C6345B4-F6E7-4D4C-9C6A-AA423703646D}"
EndProject
Global
	GlobalSection(SolutionConfigurationPlatforms) = preSolution
		Debug|Any CPU = Debug|Any CPU
		Release|Any CPU = Release|Any CPU
	EndGlobalSection
	GlobalSection(ProjectConfigurationPlatforms) = postSolution
		{6C6345B4-F6E7-4D4C-9C6A-AA423703646D}.Debug|Any CPU.ActiveCfg = Debug|Any CPU
		{6C6345B4-F6E7-4D4C-9C6A-AA423703646D}.Debug|Any CPU.Build.0 = Debug|Any CPU
		{6C6345B4-F6E7-4D4C-9C6A-AA423703646D}.Release|Any CPU.ActiveCfg = Release|Any CPU
		{6C6345B4-F6E7-4D4C-9C6A-AA423703646D}.Release|Any CPU.Build.0 = Release|Any CPU
	EndGlobalSection
	GlobalSection(SolutionProperties) = preSolution
		HideSolutionNode = FALSE
	EndGlobalSection
	GlobalSection(ExtensibilityGlobals) = postSolution
		SolutionGuid = {AC95214C-417B-44B3-AAF2-99587F889F9D}
	EndGlobalSection
EndGlobal
